// !$*UTF8*$!
{
	archiveVersion = 1;
	classes = {
	};
	objectVersion = 46;
	objects = {

/* Begin PBXBuildFile section */
		7682845F1EF4597300F290FD /* AppDelegate.swift in Sources */ = {isa = PBXBuildFile; fileRef = 7682845E1EF4597300F290FD /* AppDelegate.swift */; };
		768284611EF4597300F290FD /* GameScene.sks in Resources */ = {isa = PBXBuildFile; fileRef = 768284601EF4597300F290FD /* GameScene.sks */; };
		768284651EF4597300F290FD /* GameScene.swift in Sources */ = {isa = PBXBuildFile; fileRef = 768284641EF4597300F290FD /* GameScene.swift */; };
		768284671EF4597300F290FD /* GameViewController.swift in Sources */ = {isa = PBXBuildFile; fileRef = 768284661EF4597300F290FD /* GameViewController.swift */; };
		7682846A1EF4597300F290FD /* Main.storyboard in Resources */ = {isa = PBXBuildFile; fileRef = 768284681EF4597300F290FD /* Main.storyboard */; };
		7682846C1EF4597300F290FD /* Assets.xcassets in Resources */ = {isa = PBXBuildFile; fileRef = 7682846B1EF4597300F290FD /* Assets.xcassets */; };
		7682846F1EF4597300F290FD /* LaunchScreen.storyboard in Resources */ = {isa = PBXBuildFile; fileRef = 7682846D1EF4597300F290FD /* LaunchScreen.storyboard */; };
		768284831EF459B900F290FD /* ball.png in Resources */ = {isa = PBXBuildFile; fileRef = 768284771EF459B900F290FD /* ball.png */; };
		768284841EF459B900F290FD /* ball@2x.png in Resources */ = {isa = PBXBuildFile; fileRef = 768284781EF459B900F290FD /* ball@2x.png */; };
		768284851EF459B900F290FD /* bigSpark.png in Resources */ = {isa = PBXBuildFile; fileRef = 768284791EF459B900F290FD /* bigSpark.png */; };
		768284861EF459B900F290FD /* explosion.sks in Resources */ = {isa = PBXBuildFile; fileRef = 7682847A1EF459B900F290FD /* explosion.sks */; };
		768284871EF459B900F290FD /* hammer.png in Resources */ = {isa = PBXBuildFile; fileRef = 7682847B1EF459B900F290FD /* hammer.png */; };
		768284881EF459B900F290FD /* hammer@2x.png in Resources */ = {isa = PBXBuildFile; fileRef = 7682847C1EF459B900F290FD /* hammer@2x.png */; };
		768284891EF459B900F290FD /* player.png in Resources */ = {isa = PBXBuildFile; fileRef = 7682847D1EF459B900F290FD /* player.png */; };
		7682848A1EF459B900F290FD /* player@2x.png in Resources */ = {isa = PBXBuildFile; fileRef = 7682847E1EF459B900F290FD /* player@2x.png */; };
		7682848B1EF459B900F290FD /* spark.png in Resources */ = {isa = PBXBuildFile; fileRef = 7682847F1EF459B900F290FD /* spark.png */; };
		7682848C1EF459B900F290FD /* Starfield.sks in Resources */ = {isa = PBXBuildFile; fileRef = 768284801EF459B900F290FD /* Starfield.sks */; };
		7682848D1EF459B900F290FD /* tv.png in Resources */ = {isa = PBXBuildFile; fileRef = 768284811EF459B900F290FD /* tv.png */; };
		7682848E1EF459B900F290FD /* tv@2x.png in Resources */ = {isa = PBXBuildFile; fileRef = 768284821EF459B900F290FD /* tv@2x.png */; };
		768284901EF4634700F290FD /* ToDo.txt in Resources */ = {isa = PBXBuildFile; fileRef = 7682848F1EF4634700F290FD /* ToDo.txt */; };
/* End PBXBuildFile section */

/* Begin PBXFileReference section */
		7682845B1EF4597300F290FD /* Space Race.app */ = {isa = PBXFileReference; explicitFileType = wrapper.application; includeInIndex = 0; path = "Space Race.app"; sourceTree = BUILT_PRODUCTS_DIR; };
		7682845E1EF4597300F290FD /* AppDelegate.swift */ = {isa = PBXFileReference; lastKnownFileType = sourcecode.swift; path = AppDelegate.swift; sourceTree = "<group>"; };
		768284601EF4597300F290FD /* GameScene.sks */ = {isa = PBXFileReference; lastKnownFileType = file.sks; path = GameScene.sks; sourceTree = "<group>"; };
		768284641EF4597300F290FD /* GameScene.swift */ = {isa = PBXFileReference; lastKnownFileType = sourcecode.swift; path = GameScene.swift; sourceTree = "<group>"; };
		768284661EF4597300F290FD /* GameViewController.swift */ = {isa = PBXFileReference; lastKnownFileType = sourcecode.swift; path = GameViewController.swift; sourceTree = "<group>"; };
		768284691EF4597300F290FD /* Base */ = {isa = PBXFileReference; lastKnownFileType = file.storyboard; name = Base; path = Base.lproj/Main.storyboard; sourceTree = "<group>"; };
		7682846B1EF4597300F290FD /* Assets.xcassets */ = {isa = PBXFileReference; lastKnownFileType = folder.assetcatalog; path = Assets.xcassets; sourceTree = "<group>"; };
		7682846E1EF4597300F290FD /* Base */ = {isa = PBXFileReference; lastKnownFileType = file.storyboard; name = Base; path = Base.lproj/LaunchScreen.storyboard; sourceTree = "<group>"; };
		768284701EF4597300F290FD /* Info.plist */ = {isa = PBXFileReference; lastKnownFileType = text.plist.xml; path = Info.plist; sourceTree = "<group>"; };
		768284771EF459B900F290FD /* ball.png */ = {isa = PBXFileReference; lastKnownFileType = image.png; path = ball.png; sourceTree = "<group>"; };
		768284781EF459B900F290FD /* ball@2x.png */ = {isa = PBXFileReference; lastKnownFileType = image.png; path = "ball@2x.png"; sourceTree = "<group>"; };
		768284791EF459B900F290FD /* bigSpark.png */ = {isa = PBXFileReference; lastKnownFileType = image.png; path = bigSpark.png; sourceTree = "<group>"; };
		7682847A1EF459B900F290FD /* explosion.sks */ = {isa = PBXFileReference; lastKnownFileType = file.sks; path = explosion.sks; sourceTree = "<group>"; };
		7682847B1EF459B900F290FD /* hammer.png */ = {isa = PBXFileReference; lastKnownFileType = image.png; path = hammer.png; sourceTree = "<group>"; };
		7682847C1EF459B900F290FD /* hammer@2x.png */ = {isa = PBXFileReference; lastKnownFileType = image.png; path = "hammer@2x.png"; sourceTree = "<group>"; };
		7682847D1EF459B900F290FD /* player.png */ = {isa = PBXFileReference; lastKnownFileType = image.png; path = player.png; sourceTree = "<group>"; };
		7682847E1EF459B900F290FD /* player@2x.png */ = {isa = PBXFileReference; lastKnownFileType = image.png; path = "player@2x.png"; sourceTree = "<group>"; };
		7682847F1EF459B900F290FD /* spark.png */ = {isa = PBXFileReference; lastKnownFileType = image.png; path = spark.png; sourceTree = "<group>"; };
		768284801EF459B900F290FD /* Starfield.sks */ = {isa = PBXFileReference; lastKnownFileType = file.sks; path = Starfield.sks; sourceTree = "<group>"; };
		768284811EF459B900F290FD /* tv.png */ = {isa = PBXFileReference; lastKnownFileType = image.png; path = tv.png; sourceTree = "<group>"; };
		768284821EF459B900F290FD /* tv@2x.png */ = {isa = PBXFileReference; lastKnownFileType = image.png; path = "tv@2x.png"; sourceTree = "<group>"; };
		7682848F1EF4634700F290FD /* ToDo.txt */ = {isa = PBXFileReference; fileEncoding = 4; lastKnownFileType = text; path = ToDo.txt; sourceTree = "<group>"; };
/* End PBXFileReference section */

/* Begin PBXFrameworksBuildPhase section */
		768284581EF4597300F290FD /* Frameworks */ = {
			isa = PBXFrameworksBuildPhase;
			buildActionMask = 2147483647;
			files = (
			);
			runOnlyForDeploymentPostprocessing = 0;
		};
/* End PBXFrameworksBuildPhase section */

/* Begin PBXGroup section */
		768284521EF4597300F290FD = {
			isa = PBXGroup;
			children = (
				7682845D1EF4597300F290FD /* Space Race */,
				7682845C1EF4597300F290FD /* Products */,
			);
			sourceTree = "<group>";
		};
		7682845C1EF4597300F290FD /* Products */ = {
			isa = PBXGroup;
			children = (
				7682845B1EF4597300F290FD /* Space Race.app */,
			);
			name = Products;
			sourceTree = "<group>";
		};
		7682845D1EF4597300F290FD /* Space Race */ = {
			isa = PBXGroup;
			children = (
				768284761EF459B900F290FD /* Content */,
				7682845E1EF4597300F290FD /* AppDelegate.swift */,
				768284601EF4597300F290FD /* GameScene.sks */,
				768284641EF4597300F290FD /* GameScene.swift */,
				768284661EF4597300F290FD /* GameViewController.swift */,
				768284681EF4597300F290FD /* Main.storyboard */,
				7682846B1EF4597300F290FD /* Assets.xcassets */,
				7682846D1EF4597300F290FD /* LaunchScreen.storyboard */,
				768284701EF4597300F290FD /* Info.plist */,
				7682848F1EF4634700F290FD /* ToDo.txt */,
			);
			path = "Space Race";
			sourceTree = "<group>";
		};
		768284761EF459B900F290FD /* Content */ = {
			isa = PBXGroup;
			children = (
				768284771EF459B900F290FD /* ball.png */,
				768284781EF459B900F290FD /* ball@2x.png */,
				768284791EF459B900F290FD /* bigSpark.png */,
				7682847A1EF459B900F290FD /* explosion.sks */,
				7682847B1EF459B900F290FD /* hammer.png */,
				7682847C1EF459B900F290FD /* hammer@2x.png */,
				7682847D1EF459B900F290FD /* player.png */,
				7682847E1EF459B900F290FD /* player@2x.png */,
				7682847F1EF459B900F290FD /* spark.png */,
				768284801EF459B900F290FD /* Starfield.sks */,
				768284811EF459B900F290FD /* tv.png */,
				768284821EF459B900F290FD /* tv@2x.png */,
			);
			path = Content;
			sourceTree = "<group>";
		};
/* End PBXGroup section */

/* Begin PBXNativeTarget section */
		7682845A1EF4597300F290FD /* Space Race */ = {
			isa = PBXNativeTarget;
			buildConfigurationList = 768284731EF4597300F290FD /* Build configuration list for PBXNativeTarget "Space Race" */;
			buildPhases = (
				768284571EF4597300F290FD /* Sources */,
				768284581EF4597300F290FD /* Frameworks */,
				768284591EF4597300F290FD /* Resources */,
			);
			buildRules = (
			);
			dependencies = (
			);
			name = "Space Race";
			productName = "Space Race";
			productReference = 7682845B1EF4597300F290FD /* Space Race.app */;
			productType = "com.apple.product-type.application";
		};
/* End PBXNativeTarget section */

/* Begin PBXProject section */
		768284531EF4597300F290FD /* Project object */ = {
			isa = PBXProject;
			attributes = {
				LastSwiftUpdateCheck = 0820;
				LastUpgradeCheck = 0820;
				ORGANIZATIONNAME = nbalsmeyer;
				TargetAttributes = {
					7682845A1EF4597300F290FD = {
						CreatedOnToolsVersion = 8.2.1;
						ProvisioningStyle = Automatic;
					};
				};
			};
			buildConfigurationList = 768284561EF4597300F290FD /* Build configuration list for PBXProject "Space Race" */;
			compatibilityVersion = "Xcode 3.2";
			developmentRegion = English;
			hasScannedForEncodings = 0;
			knownRegions = (
				en,
				Base,
			);
			mainGroup = 768284521EF4597300F290FD;
			productRefGroup = 7682845C1EF4597300F290FD /* Products */;
			projectDirPath = "";
			projectRoot = "";
			targets = (
				7682845A1EF4597300F290FD /* Space Race */,
			);
		};
/* End PBXProject section */

/* Begin PBXResourcesBuildPhase section */
		768284591EF4597300F290FD /* Resources */ = {
			isa = PBXResourcesBuildPhase;
			buildActionMask = 2147483647;
			files = (
				7682846A1EF4597300F290FD /* Main.storyboard in Resources */,
				768284611EF4597300F290FD /* GameScene.sks in Resources */,
				768284891EF459B900F290FD /* player.png in Resources */,
				7682848D1EF459B900F290FD /* tv.png in Resources */,
				7682848B1EF459B900F290FD /* spark.png in Resources */,
				768284851EF459B900F290FD /* bigSpark.png in Resources */,
				7682848E1EF459B900F290FD /* tv@2x.png in Resources */,
				768284861EF459B900F290FD /* explosion.sks in Resources */,
				768284831EF459B900F290FD /* ball.png in Resources */,
				7682846C1EF4597300F290FD /* Assets.xcassets in Resources */,
				7682846F1EF4597300F290FD /* LaunchScreen.storyboard in Resources */,
				768284871EF459B900F290FD /* hammer.png in Resources */,
				768284881EF459B900F290FD /* hammer@2x.png in Resources */,
				768284901EF4634700F290FD /* ToDo.txt in Resources */,
				7682848C1EF459B900F290FD /* Starfield.sks in Resources */,
				7682848A1EF459B900F290FD /* player@2x.png in Resources */,
				768284841EF459B900F290FD /* ball@2x.png in Resources */,
			);
			runOnlyForDeploymentPostprocessing = 0;
		};
/* End PBXResourcesBuildPhase section */

/* Begin PBXSourcesBuildPhase section */
		768284571EF4597300F290FD /* Sources */ = {
			isa = PBXSourcesBuildPhase;
			buildActionMask = 2147483647;
			files = (
				768284651EF4597300F290FD /* GameScene.swift in Sources */,
				768284671EF4597300F290FD /* GameViewController.swift in Sources */,
				7682845F1EF4597300F290FD /* AppDelegate.swift in Sources */,
			);
			runOnlyForDeploymentPostprocessing = 0;
		};
/* End PBXSourcesBuildPhase section */

/* Begin PBXVariantGroup section */
		768284681EF4597300F290FD /* Main.storyboard */ = {
			isa = PBXVariantGroup;
			children = (
				768284691EF4597300F290FD /* Base */,
			);
			name = Main.storyboard;
			sourceTree = "<group>";
		};
		7682846D1EF4597300F290FD /* LaunchScreen.storyboard */ = {
			isa = PBXVariantGroup;
			children = (
				7682846E1EF4597300F290FD /* Base */,
			);
			name = LaunchScreen.storyboard;
			sourceTree = "<group>";
		};
/* End PBXVariantGroup section */

/* Begin XCBuildConfiguration section */
		768284711EF4597300F290FD /* Debug */ = {
			isa = XCBuildConfiguration;
			buildSettings = {
				ALWAYS_SEARCH_USER_PATHS = NO;
				CLANG_ANALYZER_NONNULL = YES;
				CLANG_CXX_LANGUAGE_STANDARD = "gnu++0x";
				CLANG_CXX_LIBRARY = "libc++";
				CLANG_ENABLE_MODULES = YES;
				CLANG_ENABLE_OBJC_ARC = YES;
				CLANG_WARN_BOOL_CONVERSION = YES;
				CLANG_WARN_CONSTANT_CONVERSION = YES;
				CLANG_WARN_DIRECT_OBJC_ISA_USAGE = YES_ERROR;
				CLANG_WARN_DOCUMENTATION_COMMENTS = YES;
				CLANG_WARN_EMPTY_BODY = YES;
				CLANG_WARN_ENUM_CONVERSION = YES;
				CLANG_WARN_INFINITE_RECURSION = YES;
				CLANG_WARN_INT_CONVERSION = YES;
				CLANG_WARN_OBJC_ROOT_CLASS = YES_ERROR;
				CLANG_WARN_SUSPICIOUS_MOVE = YES;
				CLANG_WARN_UNREACHABLE_CODE = YES;
				CLANG_WARN__DUPLICATE_METHOD_MATCH = YES;
				"CODE_SIGN_IDENTITY[sdk=iphoneos*]" = "iPhone Developer";
				COPY_PHASE_STRIP = NO;
				DEBUG_INFORMATION_FORMAT = dwarf;
				ENABLE_STRICT_OBJC_MSGSEND = YES;
				ENABLE_TESTABILITY = YES;
				GCC_C_LANGUAGE_STANDARD = gnu99;
				GCC_DYNAMIC_NO_PIC = NO;
				GCC_NO_COMMON_BLOCKS = YES;
				GCC_OPTIMIZATION_LEVEL = 0;
				GCC_PREPROCESSOR_DEFINITIONS = (
					"DEBUG=1",
					"$(inherited)",
				);
				GCC_WARN_64_TO_32_BIT_CONVERSION = YES;
				GCC_WARN_ABOUT_RETURN_TYPE = YES_ERROR;
				GCC_WARN_UNDECLARED_SELECTOR = YES;
				GCC_WARN_UNINITIALIZED_AUTOS = YES_AGGRESSIVE;
				GCC_WARN_UNUSED_FUNCTION = YES;
				GCC_WARN_UNUSED_VARIABLE = YES;
				IPHONEOS_DEPLOYMENT_TARGET = 10.2;
				MTL_ENABLE_DEBUG_INFO = YES;
				ONLY_ACTIVE_ARCH = YES;
				SDKROOT = iphoneos;
				SWIFT_ACTIVE_COMPILATION_CONDITIONS = DEBUG;
				SWIFT_OPTIMIZATION_LEVEL = "-Onone";
			};
			name = Debug;
		};
		768284721EF4597300F290FD /* Release */ = {
			isa = XCBuildConfiguration;
			buildSettings = {
				ALWAYS_SEARCH_USER_PATHS = NO;
				CLANG_ANALYZER_NONNULL = YES;
				CLANG_CXX_LANGUAGE_STANDARD = "gnu++0x";
				CLANG_CXX_LIBRARY = "libc++";
				CLANG_ENABLE_MODULES = YES;
				CLANG_ENABLE_OBJC_ARC = YES;
				CLANG_WARN_BOOL_CONVERSION = YES;
				CLANG_WARN_CONSTANT_CONVERSION = YES;
				CLANG_WARN_DIRECT_OBJC_ISA_USAGE = YES_ERROR;
				CLANG_WARN_DOCUMENTATION_COMMENTS = YES;
				CLANG_WARN_EMPTY_BODY = YES;
				CLANG_WARN_ENUM_CONVERSION = YES;
				CLANG_WARN_INFINITE_RECURSION = YES;
				CLANG_WARN_INT_CONVERSION = YES;
				CLANG_WARN_OBJC_ROOT_CLASS = YES_ERROR;
				CLANG_WARN_SUSPICIOUS_MOVE = YES;
				CLANG_WARN_UNREACHABLE_CODE = YES;
				CLANG_WARN__DUPLICATE_METHOD_MATCH = YES;
				"CODE_SIGN_IDENTITY[sdk=iphoneos*]" = "iPhone Developer";
				COPY_PHASE_STRIP = NO;
				DEBUG_INFORMATION_FORMAT = "dwarf-with-dsym";
				ENABLE_NS_ASSERTIONS = NO;
				ENABLE_STRICT_OBJC_MSGSEND = YES;
				GCC_C_LANGUAGE_STANDARD = gnu99;
				GCC_NO_COMMON_BLOCKS = YES;
				GCC_WARN_64_TO_32_BIT_CONVERSION = YES;
				GCC_WARN_ABOUT_RETURN_TYPE = YES_ERROR;
				GCC_WARN_UNDECLARED_SELECTOR = YES;
				GCC_WARN_UNINITIALIZED_AUTOS = YES_AGGRESSIVE;
				GCC_WARN_UNUSED_FUNCTION = YES;
				GCC_WARN_UNUSED_VARIABLE = YES;
				IPHONEOS_DEPLOYMENT_TARGET = 10.2;
				MTL_ENABLE_DEBUG_INFO = NO;
				SDKROOT = iphoneos;
				SWIFT_OPTIMIZATION_LEVEL = "-Owholemodule";
				VALIDATE_PRODUCT = YES;
			};
			name = Release;
		};
		768284741EF4597300F290FD /* Debug */ = {
			isa = XCBuildConfiguration;
			buildSettings = {
				ASSETCATALOG_COMPILER_APPICON_NAME = AppIcon;
				INFOPLIST_FILE = "Space Race/Info.plist";
				LD_RUNPATH_SEARCH_PATHS = "$(inherited) @executable_path/Frameworks";
				PRODUCT_BUNDLE_IDENTIFIER = "com.nbalsmeyer.Space-Race";
				PRODUCT_NAME = "$(TARGET_NAME)";
				SWIFT_VERSION = 3.0;
				TARGETED_DEVICE_FAMILY = 2;
			};
			name = Debug;
		};
		768284751EF4597300F290FD /* Release */ = {
			isa = XCBuildConfiguration;
			buildSettings = {
				ASSETCATALOG_COMPILER_APPICON_NAME = AppIcon;
				INFOPLIST_FILE = "Space Race/Info.plist";
				LD_RUNPATH_SEARCH_PATHS = "$(inherited) @executable_path/Frameworks";
				PRODUCT_BUNDLE_IDENTIFIER = "com.nbalsmeyer.Space-Race";
				PRODUCT_NAME = "$(TARGET_NAME)";
				SWIFT_VERSION = 3.0;
				TARGETED_DEVICE_FAMILY = 2;
			};
			name = Release;
		};
/* End XCBuildConfiguration section */

/* Begin XCConfigurationList section */
		768284561EF4597300F290FD /* Build configuration list for PBXProject "Space Race" */ = {
			isa = XCConfigurationList;
			buildConfigurations = (
				768284711EF4597300F290FD /* Debug */,
				768284721EF4597300F290FD /* Release */,
			);
			defaultConfigurationIsVisible = 0;
			defaultConfigurationName = Release;
		};
		768284731EF4597300F290FD /* Build configuration list for PBXNativeTarget "Space Race" */ = {
			isa = XCConfigurationList;
			buildConfigurations = (
				768284741EF4597300F290FD /* Debug */,
				768284751EF4597300F290FD /* Release */,
			);
			defaultConfigurationIsVisible = 0;
		};
/* End XCConfigurationList section */
	};
	rootObject = 768284531EF4597300F290FD /* Project object */;
}
